// !$*UTF8*$!
{
	archiveVersion = 1;
	classes = {
	};
	objectVersion = 50;
	objects = {

/* Begin PBXBuildFile section */
		932C9C7220DAEBD400DB4A60 /* AppDelegate.swift in Sources */ = {isa = PBXBuildFile; fileRef = 932C9C7120DAEBD400DB4A60 /* AppDelegate.swift */; };
		932C9C7420DAEBD500DB4A60 /* ViewController.swift in Sources */ = {isa = PBXBuildFile; fileRef = 932C9C7320DAEBD500DB4A60 /* ViewController.swift */; };
		932C9C7720DAEBD500DB4A60 /* Main.storyboard in Resources */ = {isa = PBXBuildFile; fileRef = 932C9C7520DAEBD500DB4A60 /* Main.storyboard */; };
		932C9C7920DAEBD600DB4A60 /* Assets.xcassets in Resources */ = {isa = PBXBuildFile; fileRef = 932C9C7820DAEBD600DB4A60 /* Assets.xcassets */; };
		932C9C7C20DAEBD600DB4A60 /* LaunchScreen.storyboard in Resources */ = {isa = PBXBuildFile; fileRef = 932C9C7A20DAEBD600DB4A60 /* LaunchScreen.storyboard */; };
		932C9C8720DAEBD600DB4A60 /* imageHopTests.swift in Sources */ = {isa = PBXBuildFile; fileRef = 932C9C8620DAEBD600DB4A60 /* imageHopTests.swift */; };
		932C9C9220DAEBD600DB4A60 /* imageHopUITests.swift in Sources */ = {isa = PBXBuildFile; fileRef = 932C9C9120DAEBD600DB4A60 /* imageHopUITests.swift */; };
		932C9CB320DAEC6400DB4A60 /* frame-19.png in Resources */ = {isa = PBXBuildFile; fileRef = 932C9C9F20DAEC5E00DB4A60 /* frame-19.png */; };
		932C9CB420DAEC6400DB4A60 /* frame-20.png in Resources */ = {isa = PBXBuildFile; fileRef = 932C9CA020DAEC5E00DB4A60 /* frame-20.png */; };
		932C9CB520DAEC6400DB4A60 /* frame-7.png in Resources */ = {isa = PBXBuildFile; fileRef = 932C9CA120DAEC5F00DB4A60 /* frame-7.png */; };
		932C9CB620DAEC6400DB4A60 /* frame-18.png in Resources */ = {isa = PBXBuildFile; fileRef = 932C9CA220DAEC5F00DB4A60 /* frame-18.png */; };
		932C9CB720DAEC6400DB4A60 /* frame-6.png in Resources */ = {isa = PBXBuildFile; fileRef = 932C9CA320DAEC5F00DB4A60 /* frame-6.png */; };
		932C9CB820DAEC6400DB4A60 /* frame-9.png in Resources */ = {isa = PBXBuildFile; fileRef = 932C9CA420DAEC5F00DB4A60 /* frame-9.png */; };
		932C9CB920DAEC6400DB4A60 /* frame-15.png in Resources */ = {isa = PBXBuildFile; fileRef = 932C9CA520DAEC6000DB4A60 /* frame-15.png */; };
		932C9CBA20DAEC6400DB4A60 /* frame-3.png in Resources */ = {isa = PBXBuildFile; fileRef = 932C9CA620DAEC6000DB4A60 /* frame-3.png */; };
		932C9CBB20DAEC6400DB4A60 /* frame-4.png in Resources */ = {isa = PBXBuildFile; fileRef = 932C9CA720DAEC6000DB4A60 /* frame-4.png */; };
		932C9CBC20DAEC6400DB4A60 /* frame-16.png in Resources */ = {isa = PBXBuildFile; fileRef = 932C9CA820DAEC6000DB4A60 /* frame-16.png */; };
		932C9CBD20DAEC6400DB4A60 /* frame-17.png in Resources */ = {isa = PBXBuildFile; fileRef = 932C9CA920DAEC6100DB4A60 /* frame-17.png */; };
		932C9CBE20DAEC6400DB4A60 /* frame-1.png in Resources */ = {isa = PBXBuildFile; fileRef = 932C9CAA20DAEC6100DB4A60 /* frame-1.png */; };
		932C9CBF20DAEC6400DB4A60 /* frame-5.png in Resources */ = {isa = PBXBuildFile; fileRef = 932C9CAB20DAEC6100DB4A60 /* frame-5.png */; };
		932C9CC020DAEC6400DB4A60 /* frame-2.png in Resources */ = {isa = PBXBuildFile; fileRef = 932C9CAC20DAEC6100DB4A60 /* frame-2.png */; };
		932C9CC120DAEC6400DB4A60 /* frame-10.png in Resources */ = {isa = PBXBuildFile; fileRef = 932C9CAD20DAEC6200DB4A60 /* frame-10.png */; };
		932C9CC220DAEC6400DB4A60 /* frame-8.png in Resources */ = {isa = PBXBuildFile; fileRef = 932C9CAE20DAEC6200DB4A60 /* frame-8.png */; };
		932C9CC320DAEC6400DB4A60 /* frame-11.png in Resources */ = {isa = PBXBuildFile; fileRef = 932C9CAF20DAEC6200DB4A60 /* frame-11.png */; };
		932C9CC420DAEC6400DB4A60 /* frame-12.png in Resources */ = {isa = PBXBuildFile; fileRef = 932C9CB020DAEC6300DB4A60 /* frame-12.png */; };
		932C9CC520DAEC6400DB4A60 /* frame-13.png in Resources */ = {isa = PBXBuildFile; fileRef = 932C9CB120DAEC6300DB4A60 /* frame-13.png */; };
		932C9CC620DAEC6400DB4A60 /* frame-14.png in Resources */ = {isa = PBXBuildFile; fileRef = 932C9CB220DAEC6300DB4A60 /* frame-14.png */; };
		932C9CC820DAF3CE00DB4A60 /* grass.png in Resources */ = {isa = PBXBuildFile; fileRef = 932C9CC720DAF3CE00DB4A60 /* grass.png */; };
		932C9CD220DB69A400DB4A60 /* zooo.jpg in Resources */ = {isa = PBXBuildFile; fileRef = 932C9CD120DB69A400DB4A60 /* zooo.jpg */; };
/* End PBXBuildFile section */

/* Begin PBXContainerItemProxy section */
		932C9C8320DAEBD600DB4A60 /* PBXContainerItemProxy */ = {
			isa = PBXContainerItemProxy;
			containerPortal = 932C9C6620DAEBD400DB4A60 /* Project object */;
			proxyType = 1;
			remoteGlobalIDString = 932C9C6D20DAEBD400DB4A60;
			remoteInfo = imageHop;
		};
		932C9C8E20DAEBD600DB4A60 /* PBXContainerItemProxy */ = {
			isa = PBXContainerItemProxy;
			containerPortal = 932C9C6620DAEBD400DB4A60 /* Project object */;
			proxyType = 1;
			remoteGlobalIDString = 932C9C6D20DAEBD400DB4A60;
			remoteInfo = imageHop;
		};
/* End PBXContainerItemProxy section */

/* Begin PBXFileReference section */
		932C9C6E20DAEBD400DB4A60 /* imageHop.app */ = {isa = PBXFileReference; explicitFileType = wrapper.application; includeInIndex = 0; path = imageHop.app; sourceTree = BUILT_PRODUCTS_DIR; };
		932C9C7120DAEBD400DB4A60 /* AppDelegate.swift */ = {isa = PBXFileReference; lastKnownFileType = sourcecode.swift; path = AppDelegate.swift; sourceTree = "<group>"; };
		932C9C7320DAEBD500DB4A60 /* ViewController.swift */ = {isa = PBXFileReference; lastKnownFileType = sourcecode.swift; path = ViewController.swift; sourceTree = "<group>"; };
		932C9C7620DAEBD500DB4A60 /* Base */ = {isa = PBXFileReference; lastKnownFileType = file.storyboard; name = Base; path = Base.lproj/Main.storyboard; sourceTree = "<group>"; };
		932C9C7820DAEBD600DB4A60 /* Assets.xcassets */ = {isa = PBXFileReference; lastKnownFileType = folder.assetcatalog; path = Assets.xcassets; sourceTree = "<group>"; };
		932C9C7B20DAEBD600DB4A60 /* Base */ = {isa = PBXFileReference; lastKnownFileType = file.storyboard; name = Base; path = Base.lproj/LaunchScreen.storyboard; sourceTree = "<group>"; };
		932C9C7D20DAEBD600DB4A60 /* Info.plist */ = {isa = PBXFileReference; lastKnownFileType = text.plist.xml; path = Info.plist; sourceTree = "<group>"; };
		932C9C8220DAEBD600DB4A60 /* imageHopTests.xctest */ = {isa = PBXFileReference; explicitFileType = wrapper.cfbundle; includeInIndex = 0; path = imageHopTests.xctest; sourceTree = BUILT_PRODUCTS_DIR; };
		932C9C8620DAEBD600DB4A60 /* imageHopTests.swift */ = {isa = PBXFileReference; lastKnownFileType = sourcecode.swift; path = imageHopTests.swift; sourceTree = "<group>"; };
		932C9C8820DAEBD600DB4A60 /* Info.plist */ = {isa = PBXFileReference; lastKnownFileType = text.plist.xml; path = Info.plist; sourceTree = "<group>"; };
		932C9C8D20DAEBD600DB4A60 /* imageHopUITests.xctest */ = {isa = PBXFileReference; explicitFileType = wrapper.cfbundle; includeInIndex = 0; path = imageHopUITests.xctest; sourceTree = BUILT_PRODUCTS_DIR; };
		932C9C9120DAEBD600DB4A60 /* imageHopUITests.swift */ = {isa = PBXFileReference; lastKnownFileType = sourcecode.swift; path = imageHopUITests.swift; sourceTree = "<group>"; };
		932C9C9320DAEBD600DB4A60 /* Info.plist */ = {isa = PBXFileReference; lastKnownFileType = text.plist.xml; path = Info.plist; sourceTree = "<group>"; };
		932C9C9F20DAEC5E00DB4A60 /* frame-19.png */ = {isa = PBXFileReference; lastKnownFileType = image.png; path = "frame-19.png"; sourceTree = "<group>"; };
		932C9CA020DAEC5E00DB4A60 /* frame-20.png */ = {isa = PBXFileReference; lastKnownFileType = image.png; path = "frame-20.png"; sourceTree = "<group>"; };
		932C9CA120DAEC5F00DB4A60 /* frame-7.png */ = {isa = PBXFileReference; lastKnownFileType = image.png; path = "frame-7.png"; sourceTree = "<group>"; };
		932C9CA220DAEC5F00DB4A60 /* frame-18.png */ = {isa = PBXFileReference; lastKnownFileType = image.png; path = "frame-18.png"; sourceTree = "<group>"; };
		932C9CA320DAEC5F00DB4A60 /* frame-6.png */ = {isa = PBXFileReference; lastKnownFileType = image.png; path = "frame-6.png"; sourceTree = "<group>"; };
		932C9CA420DAEC5F00DB4A60 /* frame-9.png */ = {isa = PBXFileReference; lastKnownFileType = image.png; path = "frame-9.png"; sourceTree = "<group>"; };
		932C9CA520DAEC6000DB4A60 /* frame-15.png */ = {isa = PBXFileReference; lastKnownFileType = image.png; path = "frame-15.png"; sourceTree = "<group>"; };
		932C9CA620DAEC6000DB4A60 /* frame-3.png */ = {isa = PBXFileReference; lastKnownFileType = image.png; path = "frame-3.png"; sourceTree = "<group>"; };
		932C9CA720DAEC6000DB4A60 /* frame-4.png */ = {isa = PBXFileReference; lastKnownFileType = image.png; path = "frame-4.png"; sourceTree = "<group>"; };
		932C9CA820DAEC6000DB4A60 /* frame-16.png */ = {isa = PBXFileReference; lastKnownFileType = image.png; path = "frame-16.png"; sourceTree = "<group>"; };
		932C9CA920DAEC6100DB4A60 /* frame-17.png */ = {isa = PBXFileReference; lastKnownFileType = image.png; path = "frame-17.png"; sourceTree = "<group>"; };
		932C9CAA20DAEC6100DB4A60 /* frame-1.png */ = {isa = PBXFileReference; lastKnownFileType = image.png; path = "frame-1.png"; sourceTree = "<group>"; };
		932C9CAB20DAEC6100DB4A60 /* frame-5.png */ = {isa = PBXFileReference; lastKnownFileType = image.png; path = "frame-5.png"; sourceTree = "<group>"; };
		932C9CAC20DAEC6100DB4A60 /* frame-2.png */ = {isa = PBXFileReference; lastKnownFileType = image.png; path = "frame-2.png"; sourceTree = "<group>"; };
		932C9CAD20DAEC6200DB4A60 /* frame-10.png */ = {isa = PBXFileReference; lastKnownFileType = image.png; path = "frame-10.png"; sourceTree = "<group>"; };
		932C9CAE20DAEC6200DB4A60 /* frame-8.png */ = {isa = PBXFileReference; lastKnownFileType = image.png; path = "frame-8.png"; sourceTree = "<group>"; };
		932C9CAF20DAEC6200DB4A60 /* frame-11.png */ = {isa = PBXFileReference; lastKnownFileType = image.png; path = "frame-11.png"; sourceTree = "<group>"; };
		932C9CB020DAEC6300DB4A60 /* frame-12.png */ = {isa = PBXFileReference; lastKnownFileType = image.png; path = "frame-12.png"; sourceTree = "<group>"; };
		932C9CB120DAEC6300DB4A60 /* frame-13.png */ = {isa = PBXFileReference; lastKnownFileType = image.png; path = "frame-13.png"; sourceTree = "<group>"; };
		932C9CB220DAEC6300DB4A60 /* frame-14.png */ = {isa = PBXFileReference; lastKnownFileType = image.png; path = "frame-14.png"; sourceTree = "<group>"; };
		932C9CC720DAF3CE00DB4A60 /* grass.png */ = {isa = PBXFileReference; lastKnownFileType = image.png; path = grass.png; sourceTree = "<group>"; };
		932C9CD120DB69A400DB4A60 /* zooo.jpg */ = {isa = PBXFileReference; lastKnownFileType = image.jpeg; path = zooo.jpg; sourceTree = "<group>"; };
/* End PBXFileReference section */

/* Begin PBXFrameworksBuildPhase section */
		932C9C6B20DAEBD400DB4A60 /* Frameworks */ = {
			isa = PBXFrameworksBuildPhase;
			buildActionMask = 2147483647;
			files = (
			);
			runOnlyForDeploymentPostprocessing = 0;
		};
		932C9C7F20DAEBD600DB4A60 /* Frameworks */ = {
			isa = PBXFrameworksBuildPhase;
			buildActionMask = 2147483647;
			files = (
			);
			runOnlyForDeploymentPostprocessing = 0;
		};
		932C9C8A20DAEBD600DB4A60 /* Frameworks */ = {
			isa = PBXFrameworksBuildPhase;
			buildActionMask = 2147483647;
			files = (
			);
			runOnlyForDeploymentPostprocessing = 0;
		};
/* End PBXFrameworksBuildPhase section */

/* Begin PBXGroup section */
		932C9C6520DAEBD400DB4A60 = {
			isa = PBXGroup;
			children = (
				932C9C7020DAEBD400DB4A60 /* imageHop */,
				932C9C8520DAEBD600DB4A60 /* imageHopTests */,
				932C9C9020DAEBD600DB4A60 /* imageHopUITests */,
				932C9C6F20DAEBD400DB4A60 /* Products */,
			);
			sourceTree = "<group>";
		};
		932C9C6F20DAEBD400DB4A60 /* Products */ = {
			isa = PBXGroup;
			children = (
				932C9C6E20DAEBD400DB4A60 /* imageHop.app */,
				932C9C8220DAEBD600DB4A60 /* imageHopTests.xctest */,
				932C9C8D20DAEBD600DB4A60 /* imageHopUITests.xctest */,
			);
			name = Products;
			sourceTree = "<group>";
		};
		932C9C7020DAEBD400DB4A60 /* imageHop */ = {
			isa = PBXGroup;
			children = (
				932C9C7120DAEBD400DB4A60 /* AppDelegate.swift */,
				932C9C7320DAEBD500DB4A60 /* ViewController.swift */,
				932C9C7520DAEBD500DB4A60 /* Main.storyboard */,
				932C9CC720DAF3CE00DB4A60 /* grass.png */,
				932C9C7820DAEBD600DB4A60 /* Assets.xcassets */,
				932C9CD120DB69A400DB4A60 /* zooo.jpg */,
				932C9CAA20DAEC6100DB4A60 /* frame-1.png */,
				932C9CAC20DAEC6100DB4A60 /* frame-2.png */,
				932C9CA620DAEC6000DB4A60 /* frame-3.png */,
				932C9CA720DAEC6000DB4A60 /* frame-4.png */,
				932C9CAB20DAEC6100DB4A60 /* frame-5.png */,
				932C9CA320DAEC5F00DB4A60 /* frame-6.png */,
				932C9CA120DAEC5F00DB4A60 /* frame-7.png */,
				932C9CAE20DAEC6200DB4A60 /* frame-8.png */,
				932C9CA420DAEC5F00DB4A60 /* frame-9.png */,
				932C9CAD20DAEC6200DB4A60 /* frame-10.png */,
				932C9CAF20DAEC6200DB4A60 /* frame-11.png */,
				932C9CB020DAEC6300DB4A60 /* frame-12.png */,
				932C9CB120DAEC6300DB4A60 /* frame-13.png */,
				932C9CB220DAEC6300DB4A60 /* frame-14.png */,
				932C9CA520DAEC6000DB4A60 /* frame-15.png */,
				932C9CA820DAEC6000DB4A60 /* frame-16.png */,
				932C9CA920DAEC6100DB4A60 /* frame-17.png */,
				932C9CA220DAEC5F00DB4A60 /* frame-18.png */,
				932C9C9F20DAEC5E00DB4A60 /* frame-19.png */,
				932C9CA020DAEC5E00DB4A60 /* frame-20.png */,
				932C9C7A20DAEBD600DB4A60 /* LaunchScreen.storyboard */,
				932C9C7D20DAEBD600DB4A60 /* Info.plist */,
			);
			path = imageHop;
			sourceTree = "<group>";
		};
		932C9C8520DAEBD600DB4A60 /* imageHopTests */ = {
			isa = PBXGroup;
			children = (
				932C9C8620DAEBD600DB4A60 /* imageHopTests.swift */,
				932C9C8820DAEBD600DB4A60 /* Info.plist */,
			);
			path = imageHopTests;
			sourceTree = "<group>";
		};
		932C9C9020DAEBD600DB4A60 /* imageHopUITests */ = {
			isa = PBXGroup;
			children = (
				932C9C9120DAEBD600DB4A60 /* imageHopUITests.swift */,
				932C9C9320DAEBD600DB4A60 /* Info.plist */,
			);
			path = imageHopUITests;
			sourceTree = "<group>";
		};
/* End PBXGroup section */

/* Begin PBXNativeTarget section */
		932C9C6D20DAEBD400DB4A60 /* imageHop */ = {
			isa = PBXNativeTarget;
			buildConfigurationList = 932C9C9620DAEBD600DB4A60 /* Build configuration list for PBXNativeTarget "imageHop" */;
			buildPhases = (
				932C9C6A20DAEBD400DB4A60 /* Sources */,
				932C9C6B20DAEBD400DB4A60 /* Frameworks */,
				932C9C6C20DAEBD400DB4A60 /* Resources */,
			);
			buildRules = (
			);
			dependencies = (
			);
			name = imageHop;
			productName = imageHop;
			productReference = 932C9C6E20DAEBD400DB4A60 /* imageHop.app */;
			productType = "com.apple.product-type.application";
		};
		932C9C8120DAEBD600DB4A60 /* imageHopTests */ = {
			isa = PBXNativeTarget;
			buildConfigurationList = 932C9C9920DAEBD600DB4A60 /* Build configuration list for PBXNativeTarget "imageHopTests" */;
			buildPhases = (
				932C9C7E20DAEBD600DB4A60 /* Sources */,
				932C9C7F20DAEBD600DB4A60 /* Frameworks */,
				932C9C8020DAEBD600DB4A60 /* Resources */,
			);
			buildRules = (
			);
			dependencies = (
				932C9C8420DAEBD600DB4A60 /* PBXTargetDependency */,
			);
			name = imageHopTests;
			productName = imageHopTests;
			productReference = 932C9C8220DAEBD600DB4A60 /* imageHopTests.xctest */;
			productType = "com.apple.product-type.bundle.unit-test";
		};
		932C9C8C20DAEBD600DB4A60 /* imageHopUITests */ = {
			isa = PBXNativeTarget;
			buildConfigurationList = 932C9C9C20DAEBD600DB4A60 /* Build configuration list for PBXNativeTarget "imageHopUITests" */;
			buildPhases = (
				932C9C8920DAEBD600DB4A60 /* Sources */,
				932C9C8A20DAEBD600DB4A60 /* Frameworks */,
				932C9C8B20DAEBD600DB4A60 /* Resources */,
			);
			buildRules = (
			);
			dependencies = (
				932C9C8F20DAEBD600DB4A60 /* PBXTargetDependency */,
			);
			name = imageHopUITests;
			productName = imageHopUITests;
			productReference = 932C9C8D20DAEBD600DB4A60 /* imageHopUITests.xctest */;
			productType = "com.apple.product-type.bundle.ui-testing";
		};
/* End PBXNativeTarget section */

/* Begin PBXProject section */
		932C9C6620DAEBD400DB4A60 /* Project object */ = {
			isa = PBXProject;
			attributes = {
				LastSwiftUpdateCheck = 0940;
				LastUpgradeCheck = 0940;
				ORGANIZATIONNAME = "Anes Mehai ";
				TargetAttributes = {
					932C9C6D20DAEBD400DB4A60 = {
						CreatedOnToolsVersion = 9.4;
					};
					932C9C8120DAEBD600DB4A60 = {
						CreatedOnToolsVersion = 9.4;
						TestTargetID = 932C9C6D20DAEBD400DB4A60;
					};
					932C9C8C20DAEBD600DB4A60 = {
						CreatedOnToolsVersion = 9.4;
						TestTargetID = 932C9C6D20DAEBD400DB4A60;
					};
				};
			};
			buildConfigurationList = 932C9C6920DAEBD400DB4A60 /* Build configuration list for PBXProject "imageHop" */;
			compatibilityVersion = "Xcode 9.3";
			developmentRegion = en;
			hasScannedForEncodings = 0;
			knownRegions = (
				en,
				Base,
			);
			mainGroup = 932C9C6520DAEBD400DB4A60;
			productRefGroup = 932C9C6F20DAEBD400DB4A60 /* Products */;
			projectDirPath = "";
			projectRoot = "";
			targets = (
				932C9C6D20DAEBD400DB4A60 /* imageHop */,
				932C9C8120DAEBD600DB4A60 /* imageHopTests */,
				932C9C8C20DAEBD600DB4A60 /* imageHopUITests */,
			);
		};
/* End PBXProject section */

/* Begin PBXResourcesBuildPhase section */
		932C9C6C20DAEBD400DB4A60 /* Resources */ = {
			isa = PBXResourcesBuildPhase;
			buildActionMask = 2147483647;
			files = (
				932C9C7C20DAEBD600DB4A60 /* LaunchScreen.storyboard in Resources */,
				932C9CB820DAEC6400DB4A60 /* frame-9.png in Resources */,
				932C9CB520DAEC6400DB4A60 /* frame-7.png in Resources */,
				932C9CBD20DAEC6400DB4A60 /* frame-17.png in Resources */,
				932C9CC620DAEC6400DB4A60 /* frame-14.png in Resources */,
				932C9CBA20DAEC6400DB4A60 /* frame-3.png in Resources */,
				932C9CC520DAEC6400DB4A60 /* frame-13.png in Resources */,
				932C9CC220DAEC6400DB4A60 /* frame-8.png in Resources */,
				932C9CB320DAEC6400DB4A60 /* frame-19.png in Resources */,
				932C9CBC20DAEC6400DB4A60 /* frame-16.png in Resources */,
				932C9CB420DAEC6400DB4A60 /* frame-20.png in Resources */,
				932C9CB720DAEC6400DB4A60 /* frame-6.png in Resources */,
				932C9CC820DAF3CE00DB4A60 /* grass.png in Resources */,
				932C9C7920DAEBD600DB4A60 /* Assets.xcassets in Resources */,
				932C9CC120DAEC6400DB4A60 /* frame-10.png in Resources */,
				932C9CBE20DAEC6400DB4A60 /* frame-1.png in Resources */,
				932C9CC020DAEC6400DB4A60 /* frame-2.png in Resources */,
				932C9CBF20DAEC6400DB4A60 /* frame-5.png in Resources */,
				932C9CB920DAEC6400DB4A60 /* frame-15.png in Resources */,
				932C9CC420DAEC6400DB4A60 /* frame-12.png in Resources */,
				932C9CD220DB69A400DB4A60 /* zooo.jpg in Resources */,
				932C9C7720DAEBD500DB4A60 /* Main.storyboard in Resources */,
				932C9CC320DAEC6400DB4A60 /* frame-11.png in Resources */,
				932C9CBB20DAEC6400DB4A60 /* frame-4.png in Resources */,
				932C9CB620DAEC6400DB4A60 /* frame-18.png in Resources */,
			);
			runOnlyForDeploymentPostprocessing = 0;
		};
		932C9C8020DAEBD600DB4A60 /* Resources */ = {
			isa = PBXResourcesBuildPhase;
			buildActionMask = 2147483647;
			files = (
			);
			runOnlyForDeploymentPostprocessing = 0;
		};
		932C9C8B20DAEBD600DB4A60 /* Resources */ = {
			isa = PBXResourcesBuildPhase;
			buildActionMask = 2147483647;
			files = (
			);
			runOnlyForDeploymentPostprocessing = 0;
		};
/* End PBXResourcesBuildPhase section */

/* Begin PBXSourcesBuildPhase section */
		932C9C6A20DAEBD400DB4A60 /* Sources */ = {
			isa = PBXSourcesBuildPhase;
			buildActionMask = 2147483647;
			files = (
				932C9C7420DAEBD500DB4A60 /* ViewController.swift in Sources */,
				932C9C7220DAEBD400DB4A60 /* AppDelegate.swift in Sources */,
			);
			runOnlyForDeploymentPostprocessing = 0;
		};
		932C9C7E20DAEBD600DB4A60 /* Sources */ = {
			isa = PBXSourcesBuildPhase;
			buildActionMask = 2147483647;
			files = (
				932C9C8720DAEBD600DB4A60 /* imageHopTests.swift in Sources */,
			);
			runOnlyForDeploymentPostprocessing = 0;
		};
		932C9C8920DAEBD600DB4A60 /* Sources */ = {
			isa = PBXSourcesBuildPhase;
			buildActionMask = 2147483647;
			files = (
				932C9C9220DAEBD600DB4A60 /* imageHopUITests.swift in Sources */,
			);
			runOnlyForDeploymentPostprocessing = 0;
		};
/* End PBXSourcesBuildPhase section */

/* Begin PBXTargetDependency section */
		932C9C8420DAEBD600DB4A60 /* PBXTargetDependency */ = {
			isa = PBXTargetDependency;
			target = 932C9C6D20DAEBD400DB4A60 /* imageHop */;
			targetProxy = 932C9C8320DAEBD600DB4A60 /* PBXContainerItemProxy */;
		};
		932C9C8F20DAEBD600DB4A60 /* PBXTargetDependency */ = {
			isa = PBXTargetDependency;
			target = 932C9C6D20DAEBD400DB4A60 /* imageHop */;
			targetProxy = 932C9C8E20DAEBD600DB4A60 /* PBXContainerItemProxy */;
		};
/* End PBXTargetDependency section */

/* Begin PBXVariantGroup section */
		932C9C7520DAEBD500DB4A60 /* Main.storyboard */ = {
			isa = PBXVariantGroup;
			children = (
				932C9C7620DAEBD500DB4A60 /* Base */,
			);
			name = Main.storyboard;
			sourceTree = "<group>";
		};
		932C9C7A20DAEBD600DB4A60 /* LaunchScreen.storyboard */ = {
			isa = PBXVariantGroup;
			children = (
				932C9C7B20DAEBD600DB4A60 /* Base */,
			);
			name = LaunchScreen.storyboard;
			sourceTree = "<group>";
		};
/* End PBXVariantGroup section */

/* Begin XCBuildConfiguration section */
		932C9C9420DAEBD600DB4A60 /* Debug */ = {
			isa = XCBuildConfiguration;
			buildSettings = {
				ALWAYS_SEARCH_USER_PATHS = NO;
				CLANG_ANALYZER_NONNULL = YES;
				CLANG_ANALYZER_NUMBER_OBJECT_CONVERSION = YES_AGGRESSIVE;
				CLANG_CXX_LANGUAGE_STANDARD = "gnu++14";
				CLANG_CXX_LIBRARY = "libc++";
				CLANG_ENABLE_MODULES = YES;
				CLANG_ENABLE_OBJC_ARC = YES;
				CLANG_ENABLE_OBJC_WEAK = YES;
				CLANG_WARN_BLOCK_CAPTURE_AUTORELEASING = YES;
				CLANG_WARN_BOOL_CONVERSION = YES;
				CLANG_WARN_COMMA = YES;
				CLANG_WARN_CONSTANT_CONVERSION = YES;
				CLANG_WARN_DEPRECATED_OBJC_IMPLEMENTATIONS = YES;
				CLANG_WARN_DIRECT_OBJC_ISA_USAGE = YES_ERROR;
				CLANG_WARN_DOCUMENTATION_COMMENTS = YES;
				CLANG_WARN_EMPTY_BODY = YES;
				CLANG_WARN_ENUM_CONVERSION = YES;
				CLANG_WARN_INFINITE_RECURSION = YES;
				CLANG_WARN_INT_CONVERSION = YES;
				CLANG_WARN_NON_LITERAL_NULL_CONVERSION = YES;
				CLANG_WARN_OBJC_IMPLICIT_RETAIN_SELF = YES;
				CLANG_WARN_OBJC_LITERAL_CONVERSION = YES;
				CLANG_WARN_OBJC_ROOT_CLASS = YES_ERROR;
				CLANG_WARN_RANGE_LOOP_ANALYSIS = YES;
				CLANG_WARN_STRICT_PROTOTYPES = YES;
				CLANG_WARN_SUSPICIOUS_MOVE = YES;
				CLANG_WARN_UNGUARDED_AVAILABILITY = YES_AGGRESSIVE;
				CLANG_WARN_UNREACHABLE_CODE = YES;
				CLANG_WARN__DUPLICATE_METHOD_MATCH = YES;
				CODE_SIGN_IDENTITY = "iPhone Developer";
				COPY_PHASE_STRIP = NO;
				DEBUG_INFORMATION_FORMAT = dwarf;
				ENABLE_STRICT_OBJC_MSGSEND = YES;
				ENABLE_TESTABILITY = YES;
				GCC_C_LANGUAGE_STANDARD = gnu11;
				GCC_DYNAMIC_NO_PIC = NO;
				GCC_NO_COMMON_BLOCKS = YES;
				GCC_OPTIMIZATION_LEVEL = 0;
				GCC_PREPROCESSOR_DEFINITIONS = (
					"DEBUG=1",
					"$(inherited)",
				);
				GCC_WARN_64_TO_32_BIT_CONVERSION = YES;
				GCC_WARN_ABOUT_RETURN_TYPE = YES_ERROR;
				GCC_WARN_UNDECLARED_SELECTOR = YES;
				GCC_WARN_UNINITIALIZED_AUTOS = YES_AGGRESSIVE;
				GCC_WARN_UNUSED_FUNCTION = YES;
				GCC_WARN_UNUSED_VARIABLE = YES;
				IPHONEOS_DEPLOYMENT_TARGET = 11.4;
				MTL_ENABLE_DEBUG_INFO = YES;
				ONLY_ACTIVE_ARCH = YES;
				SDKROOT = iphoneos;
				SWIFT_ACTIVE_COMPILATION_CONDITIONS = DEBUG;
				SWIFT_OPTIMIZATION_LEVEL = "-Onone";
			};
			name = Debug;
		};
		932C9C9520DAEBD600DB4A60 /* Release */ = {
			isa = XCBuildConfiguration;
			buildSettings = {
				ALWAYS_SEARCH_USER_PATHS = NO;
				CLANG_ANALYZER_NONNULL = YES;
				CLANG_ANALYZER_NUMBER_OBJECT_CONVERSION = YES_AGGRESSIVE;
				CLANG_CXX_LANGUAGE_STANDARD = "gnu++14";
				CLANG_CXX_LIBRARY = "libc++";
				CLANG_ENABLE_MODULES = YES;
				CLANG_ENABLE_OBJC_ARC = YES;
				CLANG_ENABLE_OBJC_WEAK = YES;
				CLANG_WARN_BLOCK_CAPTURE_AUTORELEASING = YES;
				CLANG_WARN_BOOL_CONVERSION = YES;
				CLANG_WARN_COMMA = YES;
				CLANG_WARN_CONSTANT_CONVERSION = YES;
				CLANG_WARN_DEPRECATED_OBJC_IMPLEMENTATIONS = YES;
				CLANG_WARN_DIRECT_OBJC_ISA_USAGE = YES_ERROR;
				CLANG_WARN_DOCUMENTATION_COMMENTS = YES;
				CLANG_WARN_EMPTY_BODY = YES;
				CLANG_WARN_ENUM_CONVERSION = YES;
				CLANG_WARN_INFINITE_RECURSION = YES;
				CLANG_WARN_INT_CONVERSION = YES;
				CLANG_WARN_NON_LITERAL_NULL_CONVERSION = YES;
				CLANG_WARN_OBJC_IMPLICIT_RETAIN_SELF = YES;
				CLANG_WARN_OBJC_LITERAL_CONVERSION = YES;
				CLANG_WARN_OBJC_ROOT_CLASS = YES_ERROR;
				CLANG_WARN_RANGE_LOOP_ANALYSIS = YES;
				CLANG_WARN_STRICT_PROTOTYPES = YES;
				CLANG_WARN_SUSPICIOUS_MOVE = YES;
				CLANG_WARN_UNGUARDED_AVAILABILITY = YES_AGGRESSIVE;
				CLANG_WARN_UNREACHABLE_CODE = YES;
				CLANG_WARN__DUPLICATE_METHOD_MATCH = YES;
				CODE_SIGN_IDENTITY = "iPhone Developer";
				COPY_PHASE_STRIP = NO;
				DEBUG_INFORMATION_FORMAT = "dwarf-with-dsym";
				ENABLE_NS_ASSERTIONS = NO;
				ENABLE_STRICT_OBJC_MSGSEND = YES;
				GCC_C_LANGUAGE_STANDARD = gnu11;
				GCC_NO_COMMON_BLOCKS = YES;
				GCC_WARN_64_TO_32_BIT_CONVERSION = YES;
				GCC_WARN_ABOUT_RETURN_TYPE = YES_ERROR;
				GCC_WARN_UNDECLARED_SELECTOR = YES;
				GCC_WARN_UNINITIALIZED_AUTOS = YES_AGGRESSIVE;
				GCC_WARN_UNUSED_FUNCTION = YES;
				GCC_WARN_UNUSED_VARIABLE = YES;
				IPHONEOS_DEPLOYMENT_TARGET = 11.4;
				MTL_ENABLE_DEBUG_INFO = NO;
				SDKROOT = iphoneos;
				SWIFT_COMPILATION_MODE = wholemodule;
				SWIFT_OPTIMIZATION_LEVEL = "-O";
				VALIDATE_PRODUCT = YES;
			};
			name = Release;
		};
		932C9C9720DAEBD600DB4A60 /* Debug */ = {
			isa = XCBuildConfiguration;
			buildSettings = {
				ASSETCATALOG_COMPILER_APPICON_NAME = AppIcon;
				CODE_SIGN_STYLE = Automatic;
				INFOPLIST_FILE = imageHop/Info.plist;
				LD_RUNPATH_SEARCH_PATHS = (
					"$(inherited)",
					"@executable_path/Frameworks",
				);
				PRODUCT_BUNDLE_IDENTIFIER = com.asfoor.imageHop;
				PRODUCT_NAME = "$(TARGET_NAME)";
				SWIFT_VERSION = 4.0;
				TARGETED_DEVICE_FAMILY = "1,2";
			};
			name = Debug;
		};
		932C9C9820DAEBD600DB4A60 /* Release */ = {
			isa = XCBuildConfiguration;
			buildSettings = {
				ASSETCATALOG_COMPILER_APPICON_NAME = AppIcon;
				CODE_SIGN_STYLE = Automatic;
				INFOPLIST_FILE = imageHop/Info.plist;
				LD_RUNPATH_SEARCH_PATHS = (
					"$(inherited)",
					"@executable_path/Frameworks",
				);
				PRODUCT_BUNDLE_IDENTIFIER = com.asfoor.imageHop;
				PRODUCT_NAME = "$(TARGET_NAME)";
				SWIFT_VERSION = 4.0;
				TARGETED_DEVICE_FAMILY = "1,2";
			};
			name = Release;
		};
		932C9C9A20DAEBD600DB4A60 /* Debug */ = {
			isa = XCBuildConfiguration;
			buildSettings = {
				ALWAYS_EMBED_SWIFT_STANDARD_LIBRARIES = YES;
				BUNDLE_LOADER = "$(TEST_HOST)";
				CODE_SIGN_STYLE = Automatic;
				INFOPLIST_FILE = imageHopTests/Info.plist;
				LD_RUNPATH_SEARCH_PATHS = (
					"$(inherited)",
					"@executable_path/Frameworks",
					"@loader_path/Frameworks",
				);
				PRODUCT_BUNDLE_IDENTIFIER = com.asfoor.imageHopTests;
				PRODUCT_NAME = "$(TARGET_NAME)";
				SWIFT_VERSION = 4.0;
				TARGETED_DEVICE_FAMILY = "1,2";
				TEST_HOST = "$(BUILT_PRODUCTS_DIR)/imageHop.app/imageHop";
			};
			name = Debug;
		};
		932C9C9B20DAEBD600DB4A60 /* Release */ = {
			isa = XCBuildConfiguration;
			buildSettings = {
				ALWAYS_EMBED_SWIFT_STANDARD_LIBRARIES = YES;
				BUNDLE_LOADER = "$(TEST_HOST)";
				CODE_SIGN_STYLE = Automatic;
				INFOPLIST_FILE = imageHopTests/Info.plist;
				LD_RUNPATH_SEARCH_PATHS = (
					"$(inherited)",
					"@executable_path/Frameworks",
					"@loader_path/Frameworks",
				);
				PRODUCT_BUNDLE_IDENTIFIER = com.asfoor.imageHopTests;
				PRODUCT_NAME = "$(TARGET_NAME)";
				SWIFT_VERSION = 4.0;
				TARGETED_DEVICE_FAMILY = "1,2";
				TEST_HOST = "$(BUILT_PRODUCTS_DIR)/imageHop.app/imageHop";
			};
			name = Release;
		};
		932C9C9D20DAEBD600DB4A60 /* Debug */ = {
			isa = XCBuildConfiguration;
			buildSettings = {
				ALWAYS_EMBED_SWIFT_STANDARD_LIBRARIES = YES;
				CODE_SIGN_STYLE = Automatic;
				INFOPLIST_FILE = imageHopUITests/Info.plist;
				LD_RUNPATH_SEARCH_PATHS = (
					"$(inherited)",
					"@executable_path/Frameworks",
					"@loader_path/Frameworks",
				);
				PRODUCT_BUNDLE_IDENTIFIER = com.asfoor.imageHopUITests;
				PRODUCT_NAME = "$(TARGET_NAME)";
				SWIFT_VERSION = 4.0;
				TARGETED_DEVICE_FAMILY = "1,2";
				TEST_TARGET_NAME = imageHop;
			};
			name = Debug;
		};
		932C9C9E20DAEBD600DB4A60 /* Release */ = {
			isa = XCBuildConfiguration;
			buildSettings = {
				ALWAYS_EMBED_SWIFT_STANDARD_LIBRARIES = YES;
				CODE_SIGN_STYLE = Automatic;
				INFOPLIST_FILE = imageHopUITests/Info.plist;
				LD_RUNPATH_SEARCH_PATHS = (
					"$(inherited)",
					"@executable_path/Frameworks",
					"@loader_path/Frameworks",
				);
				PRODUCT_BUNDLE_IDENTIFIER = com.asfoor.imageHopUITests;
				PRODUCT_NAME = "$(TARGET_NAME)";
				SWIFT_VERSION = 4.0;
				TARGETED_DEVICE_FAMILY = "1,2";
				TEST_TARGET_NAME = imageHop;
			};
			name = Release;
		};
/* End XCBuildConfiguration section */

/* Begin XCConfigurationList section */
		932C9C6920DAEBD400DB4A60 /* Build configuration list for PBXProject "imageHop" */ = {
			isa = XCConfigurationList;
			buildConfigurations = (
				932C9C9420DAEBD600DB4A60 /* Debug */,
				932C9C9520DAEBD600DB4A60 /* Release */,
			);
			defaultConfigurationIsVisible = 0;
			defaultConfigurationName = Release;
		};
		932C9C9620DAEBD600DB4A60 /* Build configuration list for PBXNativeTarget "imageHop" */ = {
			isa = XCConfigurationList;
			buildConfigurations = (
				932C9C9720DAEBD600DB4A60 /* Debug */,
				932C9C9820DAEBD600DB4A60 /* Release */,
			);
			defaultConfigurationIsVisible = 0;
			defaultConfigurationName = Release;
		};
		932C9C9920DAEBD600DB4A60 /* Build configuration list for PBXNativeTarget "imageHopTests" */ = {
			isa = XCConfigurationList;
			buildConfigurations = (
				932C9C9A20DAEBD600DB4A60 /* Debug */,
				932C9C9B20DAEBD600DB4A60 /* Release */,
			);
			defaultConfigurationIsVisible = 0;
			defaultConfigurationName = Release;
		};
		932C9C9C20DAEBD600DB4A60 /* Build configuration list for PBXNativeTarget "imageHopUITests" */ = {
			isa = XCConfigurationList;
			buildConfigurations = (
				932C9C9D20DAEBD600DB4A60 /* Debug */,
				932C9C9E20DAEBD600DB4A60 /* Release */,
			);
			defaultConfigurationIsVisible = 0;
			defaultConfigurationName = Release;
		};
/* End XCConfigurationList section */
	};
	rootObject = 932C9C6620DAEBD400DB4A60 /* Project object */;
}
